
Microsoft Visual Studio Solution File, Format Version 12.00
# Visual Studio Version 17
VisualStudioVersion = 17.5.33516.290
MinimumVisualStudioVersion = 10.0.40219.1
Project("{FAE04EC0-301F-11D3-BF4B-00C04F79EFBC}") = "ClubActivity", "ClubActivity\ClubActivity.csproj", "{8E0046E5-9B2A-4932-879B-73F7ED634606}"
EndProject
Project("{FAE04EC0-301F-11D3-BF4B-00C04F79EFBC}") = "ActivityHost", "ActivityHost\ActivityHost.csproj", "{491C4582-D611-40F0-A6FD-CFCD8F7CB66F}"
EndProject
Global
	GlobalSection(SolutionConfigurationPlatforms) = preSolution
		Debug|Any CPU = Debug|Any CPU
		Release|Any CPU = Release|Any CPU
	EndGlobalSection
	GlobalSection(ProjectConfigurationPlatforms) = postSolution
		{8E0046E5-9B2A-4932-879B-73F7ED634606}.Debug|Any CPU.ActiveCfg = Debug|Any CPU
		{8E0046E5-9B2A-4932-879B-73F7ED634606}.Debug|Any CPU.Build.0 = Debug|Any CPU
		{8E0046E5-9B2A-4932-879B-73F7ED634606}.Release|Any CPU.ActiveCfg = Release|Any CPU
		{8E0046E5-9B2A-4932-879B-73F7ED634606}.Release|Any CPU.Build.0 = Release|Any CPU
		{491C4582-D611-40F0-A6FD-CFCD8F7CB66F}.Debug|Any CPU.ActiveCfg = Debug|Any CPU
		{491C4582-D611-40F0-A6FD-CFCD8F7CB66F}.Debug|Any CPU.Build.0 = Debug|Any CPU
		{491C4582-D611-40F0-A6FD-CFCD8F7CB66F}.Release|Any CPU.ActiveCfg = Release|Any CPU
		{491C4582-D611-40F0-A6FD-CFCD8F7CB66F}.Release|Any CPU.Build.0 = Release|Any CPU
	EndGlobalSection
	GlobalSection(SolutionProperties) = preSolution
		HideSolutionNode = FALSE
	EndGlobalSection
	GlobalSection(ExtensibilityGlobals) = postSolution
		SolutionGuid = {3D0C0765-60DB-4A73-9276-C6B88D9D50A7}
	EndGlobalSection
EndGlobal
